
Microsoft Visual Studio Solution File, Format Version 12.00
# Visual Studio 2012
Project("{FAE04EC0-301F-11D3-BF4B-00C04F79EFBC}") = "Mirette_Calculator", "Mirette_Calculator\Mirette_Calculator.csproj", "{73A6281A-EBE6-4EF5-A489-ADA8274DB18D}"
EndProject
Global
	GlobalSection(SolutionConfigurationPlatforms) = preSolution
		Debug|Any CPU = Debug|Any CPU
		Release|Any CPU = Release|Any CPU
	EndGlobalSection
	GlobalSection(ProjectConfigurationPlatforms) = postSolution
		{73A6281A-EBE6-4EF5-A489-ADA8274DB18D}.Debug|Any CPU.ActiveCfg = Debug|Any CPU
		{73A6281A-EBE6-4EF5-A489-ADA8274DB18D}.Debug|Any CPU.Build.0 = Debug|Any CPU
		{73A6281A-EBE6-4EF5-A489-ADA8274DB18D}.Release|Any CPU.ActiveCfg = Release|Any CPU
		{73A6281A-EBE6-4EF5-A489-ADA8274DB18D}.Release|Any CPU.Build.0 = Release|Any CPU
	EndGlobalSection
	GlobalSection(SolutionProperties) = preSolution
		HideSolutionNode = FALSE
	EndGlobalSection
EndGlobal
